
Microsoft Visual Studio Solution File, Format Version 12.00
# Visual Studio Version 17
VisualStudioVersion = 17.9.34622.214
MinimumVisualStudioVersion = 10.0.40219.1
Project("{2150E333-8FDC-42A3-9474-1A3956D46DE8}") = "Solution Items", "Solution Items", "{40135499-00DA-49D4-8769-9AAC47E5A874}"
	ProjectSection(SolutionItems) = preProject
		.editorconfig = .editorconfig
	EndProjectSection
EndProject
Project("{8BC9CEB8-8B4A-11D0-8D11-00A0C91BC942}") = "TrackEditor", "TrackEditor\TrackEditor.vcxproj", "{330E2D62-402B-485C-9EF7-3F2058263D55}"
	ProjectSection(ProjectDependencies) = postProject
		{FFE1E8A8-1052-4271-AA18-253855ABA0E6} = {FFE1E8A8-1052-4271-AA18-253855ABA0E6}
	EndProjectSection
EndProject
Project("{8BC9CEB8-8B4A-11D0-8D11-00A0C91BC942}") = "CarPlansParser", "CarPlansParser\CarPlansParser.vcxproj", "{2D4EFE3E-1FF1-465C-A4A2-2D3A0CB54305}"
	ProjectSection(ProjectDependencies) = postProject
		{FFE1E8A8-1052-4271-AA18-253855ABA0E6} = {FFE1E8A8-1052-4271-AA18-253855ABA0E6}
	EndProjectSection
EndProject
Project("{8BC9CEB8-8B4A-11D0-8D11-00A0C91BC942}") = "WhipLib", "WhipLib\WhipLib.vcxproj", "{FFE1E8A8-1052-4271-AA18-253855ABA0E6}"
EndProject
Project("{8BC9CEB8-8B4A-11D0-8D11-00A0C91BC942}") = "TrackAnalyzer", "TrackAnalyzer\TrackAnalyzer.vcxproj", "{AA65CDB8-27A0-4AC3-810B-B901B323F7D2}"
	ProjectSection(ProjectDependencies) = postProject
		{FFE1E8A8-1052-4271-AA18-253855ABA0E6} = {FFE1E8A8-1052-4271-AA18-253855ABA0E6}
	EndProjectSection
EndProject
Project("{8BC9CEB8-8B4A-11D0-8D11-00A0C91BC942}") = "FbxExporter", "FbxExporter\FbxExporter.vcxproj", "{24AA1AFA-11C3-47D7-B36C-0B5CE25B7804}"
EndProject
Project("{8BC9CEB8-8B4A-11D0-8D11-00A0C91BC942}") = "Roller", "Roller\Roller.vcxproj", "{23877577-CF1D-4E74-B4F2-24A0F1FF3725}"
	ProjectSection(ProjectDependencies) = postProject
		{FFE1E8A8-1052-4271-AA18-253855ABA0E6} = {FFE1E8A8-1052-4271-AA18-253855ABA0E6}
	EndProjectSection
EndProject
Global
	GlobalSection(SolutionConfigurationPlatforms) = preSolution
		Debug_DLL|x64 = Debug_DLL|x64
		Debug_DLL|x86 = Debug_DLL|x86
		Debug|x64 = Debug|x64
		Debug|x86 = Debug|x86
		Release_DLL|x64 = Release_DLL|x64
		Release_DLL|x86 = Release_DLL|x86
		Release|x64 = Release|x64
		Release|x86 = Release|x86
	EndGlobalSection
	GlobalSection(ProjectConfigurationPlatforms) = postSolution
		{330E2D62-402B-485C-9EF7-3F2058263D55}.Debug_DLL|x64.ActiveCfg = Debug|x64
		{330E2D62-402B-485C-9EF7-3F2058263D55}.Debug_DLL|x86.ActiveCfg = Debug|x64
		{330E2D62-402B-485C-9EF7-3F2058263D55}.Debug_DLL|x86.Build.0 = Debug|x64
		{330E2D62-402B-485C-9EF7-3F2058263D55}.Debug|x64.ActiveCfg = Debug|x64
		{330E2D62-402B-485C-9EF7-3F2058263D55}.Debug|x64.Build.0 = Debug|x64
		{330E2D62-402B-485C-9EF7-3F2058263D55}.Debug|x86.ActiveCfg = Debug|x64
		{330E2D62-402B-485C-9EF7-3F2058263D55}.Debug|x86.Build.0 = Debug|x64
		{330E2D62-402B-485C-9EF7-3F2058263D55}.Release_DLL|x64.ActiveCfg = Release|x64
		{330E2D62-402B-485C-9EF7-3F2058263D55}.Release_DLL|x86.ActiveCfg = Release|x64
		{330E2D62-402B-485C-9EF7-3F2058263D55}.Release_DLL|x86.Build.0 = Release|x64
		{330E2D62-402B-485C-9EF7-3F2058263D55}.Release|x64.ActiveCfg = Release|x64
		{330E2D62-402B-485C-9EF7-3F2058263D55}.Release|x64.Build.0 = Release|x64
		{330E2D62-402B-485C-9EF7-3F2058263D55}.Release|x86.ActiveCfg = Release|x64
		{330E2D62-402B-485C-9EF7-3F2058263D55}.Release|x86.Build.0 = Release|x64
		{2D4EFE3E-1FF1-465C-A4A2-2D3A0CB54305}.Debug_DLL|x64.ActiveCfg = Debug|x64
		{2D4EFE3E-1FF1-465C-A4A2-2D3A0CB54305}.Debug_DLL|x86.ActiveCfg = Debug|x64
		{2D4EFE3E-1FF1-465C-A4A2-2D3A0CB54305}.Debug_DLL|x86.Build.0 = Debug|x64
		{2D4EFE3E-1FF1-465C-A4A2-2D3A0CB54305}.Debug|x64.ActiveCfg = Debug|x64
		{2D4EFE3E-1FF1-465C-A4A2-2D3A0CB54305}.Debug|x64.Build.0 = Debug|x64
		{2D4EFE3E-1FF1-465C-A4A2-2D3A0CB54305}.Debug|x86.ActiveCfg = Debug|x64
		{2D4EFE3E-1FF1-465C-A4A2-2D3A0CB54305}.Release_DLL|x64.ActiveCfg = Release|x64
		{2D4EFE3E-1FF1-465C-A4A2-2D3A0CB54305}.Release_DLL|x86.ActiveCfg = Release|x64
		{2D4EFE3E-1FF1-465C-A4A2-2D3A0CB54305}.Release_DLL|x86.Build.0 = Release|x64
		{2D4EFE3E-1FF1-465C-A4A2-2D3A0CB54305}.Release|x64.ActiveCfg = Release|x64
		{2D4EFE3E-1FF1-465C-A4A2-2D3A0CB54305}.Release|x64.Build.0 = Release|x64
		{2D4EFE3E-1FF1-465C-A4A2-2D3A0CB54305}.Release|x86.ActiveCfg = Release|x64
		{FFE1E8A8-1052-4271-AA18-253855ABA0E6}.Debug_DLL|x64.ActiveCfg = Debug_DLL|x64
		{FFE1E8A8-1052-4271-AA18-253855ABA0E6}.Debug_DLL|x64.Build.0 = Debug_DLL|x64
		{FFE1E8A8-1052-4271-AA18-253855ABA0E6}.Debug_DLL|x86.ActiveCfg = Debug_DLL|x64
		{FFE1E8A8-1052-4271-AA18-253855ABA0E6}.Debug_DLL|x86.Build.0 = Debug_DLL|x64
		{FFE1E8A8-1052-4271-AA18-253855ABA0E6}.Debug|x64.ActiveCfg = Debug|x64
		{FFE1E8A8-1052-4271-AA18-253855ABA0E6}.Debug|x64.Build.0 = Debug|x64
		{FFE1E8A8-1052-4271-AA18-253855ABA0E6}.Debug|x86.ActiveCfg = Debug|x64
		{FFE1E8A8-1052-4271-AA18-253855ABA0E6}.Debug|x86.Build.0 = Debug|x64
		{FFE1E8A8-1052-4271-AA18-253855ABA0E6}.Release_DLL|x64.ActiveCfg = Release_DLL|x64
		{FFE1E8A8-1052-4271-AA18-253855ABA0E6}.Release_DLL|x64.Build.0 = Release_DLL|x64
		{FFE1E8A8-1052-4271-AA18-253855ABA0E6}.Release_DLL|x86.ActiveCfg = Release_DLL|x64
		{FFE1E8A8-1052-4271-AA18-253855ABA0E6}.Release_DLL|x86.Build.0 = Release_DLL|x64
		{FFE1E8A8-1052-4271-AA18-253855ABA0E6}.Release|x64.ActiveCfg = Release|x64
		{FFE1E8A8-1052-4271-AA18-253855ABA0E6}.Release|x64.Build.0 = Release|x64
		{FFE1E8A8-1052-4271-AA18-253855ABA0E6}.Release|x86.ActiveCfg = Release|x64
		{FFE1E8A8-1052-4271-AA18-253855ABA0E6}.Release|x86.Build.0 = Release|x64
		{AA65CDB8-27A0-4AC3-810B-B901B323F7D2}.Debug_DLL|x64.ActiveCfg = Debug|x64
		{AA65CDB8-27A0-4AC3-810B-B901B323F7D2}.Debug_DLL|x86.ActiveCfg = Debug|x64
		{AA65CDB8-27A0-4AC3-810B-B901B323F7D2}.Debug_DLL|x86.Build.0 = Debug|x64
		{AA65CDB8-27A0-4AC3-810B-B901B323F7D2}.Debug|x64.ActiveCfg = Debug|x64
		{AA65CDB8-27A0-4AC3-810B-B901B323F7D2}.Debug|x64.Build.0 = Debug|x64
		{AA65CDB8-27A0-4AC3-810B-B901B323F7D2}.Debug|x86.ActiveCfg = Debug|x64
		{AA65CDB8-27A0-4AC3-810B-B901B323F7D2}.Release_DLL|x64.ActiveCfg = Release|x64
		{AA65CDB8-27A0-4AC3-810B-B901B323F7D2}.Release_DLL|x86.ActiveCfg = Release|x64
		{AA65CDB8-27A0-4AC3-810B-B901B323F7D2}.Release_DLL|x86.Build.0 = Release|x64
		{AA65CDB8-27A0-4AC3-810B-B901B323F7D2}.Release|x64.ActiveCfg = Release|x64
		{AA65CDB8-27A0-4AC3-810B-B901B323F7D2}.Release|x64.Build.0 = Release|x64
		{AA65CDB8-27A0-4AC3-810B-B901B323F7D2}.Release|x86.ActiveCfg = Release|x64
		{24AA1AFA-11C3-47D7-B36C-0B5CE25B7804}.Debug_DLL|x64.ActiveCfg = Debug|x64
		{24AA1AFA-11C3-47D7-B36C-0B5CE25B7804}.Debug_DLL|x86.ActiveCfg = Debug|Win32
		{24AA1AFA-11C3-47D7-B36C-0B5CE25B7804}.Debug_DLL|x86.Build.0 = Debug|Win32
		{24AA1AFA-11C3-47D7-B36C-0B5CE25B7804}.Debug|x64.ActiveCfg = Debug|x64
		{24AA1AFA-11C3-47D7-B36C-0B5CE25B7804}.Debug|x64.Build.0 = Debug|x64
		{24AA1AFA-11C3-47D7-B36C-0B5CE25B7804}.Debug|x86.ActiveCfg = Debug|Win32
		{24AA1AFA-11C3-47D7-B36C-0B5CE25B7804}.Debug|x86.Build.0 = Debug|Win32
		{24AA1AFA-11C3-47D7-B36C-0B5CE25B7804}.Release_DLL|x64.ActiveCfg = Release|x64
		{24AA1AFA-11C3-47D7-B36C-0B5CE25B7804}.Release_DLL|x86.ActiveCfg = Release|Win32
		{24AA1AFA-11C3-47D7-B36C-0B5CE25B7804}.Release_DLL|x86.Build.0 = Release|Win32
		{24AA1AFA-11C3-47D7-B36C-0B5CE25B7804}.Release|x64.ActiveCfg = Release|x64
		{24AA1AFA-11C3-47D7-B36C-0B5CE25B7804}.Release|x64.Build.0 = Release|x64
		{24AA1AFA-11C3-47D7-B36C-0B5CE25B7804}.Release|x86.ActiveCfg = Release|Win32
		{24AA1AFA-11C3-47D7-B36C-0B5CE25B7804}.Release|x86.Build.0 = Release|Win32
		{23877577-CF1D-4E74-B4F2-24A0F1FF3725}.Debug_DLL|x64.ActiveCfg = Debug|x64
		{23877577-CF1D-4E74-B4F2-24A0F1FF3725}.Debug_DLL|x86.ActiveCfg = Debug|Win32
		{23877577-CF1D-4E74-B4F2-24A0F1FF3725}.Debug_DLL|x86.Build.0 = Debug|Win32
		{23877577-CF1D-4E74-B4F2-24A0F1FF3725}.Debug|x64.ActiveCfg = Debug|x64
		{23877577-CF1D-4E74-B4F2-24A0F1FF3725}.Debug|x64.Build.0 = Debug|x64
		{23877577-CF1D-4E74-B4F2-24A0F1FF3725}.Debug|x86.ActiveCfg = Debug|Win32
		{23877577-CF1D-4E74-B4F2-24A0F1FF3725}.Debug|x86.Build.0 = Debug|Win32
		{23877577-CF1D-4E74-B4F2-24A0F1FF3725}.Release_DLL|x64.ActiveCfg = Release|x64
		{23877577-CF1D-4E74-B4F2-24A0F1FF3725}.Release_DLL|x86.ActiveCfg = Release|Win32
		{23877577-CF1D-4E74-B4F2-24A0F1FF3725}.Release_DLL|x86.Build.0 = Release|Win32
		{23877577-CF1D-4E74-B4F2-24A0F1FF3725}.Release|x64.ActiveCfg = Release|x64
		{23877577-CF1D-4E74-B4F2-24A0F1FF3725}.Release|x64.Build.0 = Release|x64
		{23877577-CF1D-4E74-B4F2-24A0F1FF3725}.Release|x86.ActiveCfg = Release|Win32
		{23877577-CF1D-4E74-B4F2-24A0F1FF3725}.Release|x86.Build.0 = Release|Win32
	EndGlobalSection
	GlobalSection(SolutionProperties) = preSolution
		HideSolutionNode = FALSE
	EndGlobalSection
	GlobalSection(ExtensibilityGlobals) = postSolution
		SolutionGuid = {B1714566-C84D-47FE-B4FF-A2EF804AE603}
	EndGlobalSection
EndGlobal
