<?xml version="1.0" encoding="utf-8"?>
<Project ToolsVersion="4.0" xmlns="http://schemas.microsoft.com/developer/msbuild/2003">
  <ItemGroup>
    <Filter Include="Source Files">
      <UniqueIdentifier>{4FC737F1-C7A5-4376-A066-2A32D752A2FF}</UniqueIdentifier>
      <Extensions>cpp;c;cc;cxx;c++;cppm;ixx;def;odl;idl;hpj;bat;asm;asmx</Extensions>
    </Filter>
    <Filter Include="Header Files">
      <UniqueIdentifier>{93995380-89BD-4b04-88EB-625FBE52EBFB}</UniqueIdentifier>
      <Extensions>h;hh;hpp;hxx;h++;hm;inl;inc;ipp;xsd</Extensions>
    </Filter>
    <Filter Include="Shaders">
      <UniqueIdentifier>{a17399c9-fc31-4729-87e5-af9c62cb7e33}</UniqueIdentifier>
    </Filter>
    <Filter Include="Header Files\CarPlans">
      <UniqueIdentifier>{62c23e94-bf3c-4258-9272-d2fb7a180ed3}</UniqueIdentifier>
    </Filter>
    <Filter Include="Header Files\SignPlans">
      <UniqueIdentifier>{8011ca94-9194-4b24-a3cc-78f3d3f52777}</UniqueIdentifier>
    </Filter>
    <Filter Include="Header Files\Entity">
      <UniqueIdentifier>{7ebc81dd-e540-4a7e-ab58-26cb2e6f7f84}</UniqueIdentifier>
    </Filter>
    <Filter Include="Source Files\Entity">
      <UniqueIdentifier>{7b6571e3-e2b7-4aac-b5af-1db820b236f1}</UniqueIdentifier>
    </Filter>
    <Filter Include="Header Files\Game">
      <UniqueIdentifier>{fabdda49-996e-4c8e-aa9d-c4fc9cbac0cf}</UniqueIdentifier>
    </Filter>
    <Filter Include="Header Files\Rendering">
      <UniqueIdentifier>{35f1d54f-1075-4f0c-9da3-a743edfb45e7}</UniqueIdentifier>
    </Filter>
    <Filter Include="Source Files\Rendering">
      <UniqueIdentifier>{ca67fc75-b10d-421d-a207-e787fb8ba1b6}</UniqueIdentifier>
    </Filter>
    <Filter Include="Source Files\Game">
      <UniqueIdentifier>{d565dc5b-2171-495d-94ca-1620b8ef3096}</UniqueIdentifier>
    </Filter>
  </ItemGroup>
  <ItemGroup>
    <ClInclude Include="Unmangler.h">
      <Filter>Header Files</Filter>
    </ClInclude>
    <ClInclude Include="Types.h">
      <Filter>Header Files</Filter>
    </ClInclude>
    <ClInclude Include="OpenGLDebug.h">
      <Filter>Header Files</Filter>
    </ClInclude>
    <ClInclude Include="Track.h">
      <Filter>Header Files</Filter>
    </ClInclude>
    <ClInclude Include="Animation.h">
      <Filter>Header Files</Filter>
    </ClInclude>
    <ClInclude Include="Polygon.h">
      <Filter>Header Files</Filter>
    </ClInclude>
    <ClInclude Include="CarPlans\AutoPlans.h">
      <Filter>Header Files\CarPlans</Filter>
    </ClInclude>
    <ClInclude Include="CarPlans\DesilvaPlans.h">
      <Filter>Header Files\CarPlans</Filter>
    </ClInclude>
    <ClInclude Include="CarPlans\F1WackPlans.h">
      <Filter>Header Files\CarPlans</Filter>
    </ClInclude>
    <ClInclude Include="CarPlans\GlobalPlans.h">
      <Filter>Header Files\CarPlans</Filter>
    </ClInclude>
    <ClInclude Include="CarPlans\MillionPlans.h">
      <Filter>Header Files\CarPlans</Filter>
    </ClInclude>
    <ClInclude Include="CarPlans\MissionPlans.h">
      <Filter>Header Files\CarPlans</Filter>
    </ClInclude>
    <ClInclude Include="CarPlans\PulsePlans.h">
      <Filter>Header Files\CarPlans</Filter>
    </ClInclude>
    <ClInclude Include="CarPlans\ReisePlans.h">
      <Filter>Header Files\CarPlans</Filter>
    </ClInclude>
    <ClInclude Include="CarPlans\ZizinPlans.h">
      <Filter>Header Files\CarPlans</Filter>
    </ClInclude>
    <ClInclude Include="SignPlans\Advert2Plans.h">
      <Filter>Header Files\SignPlans</Filter>
    </ClInclude>
    <ClInclude Include="SignPlans\Advert3Plans.h">
      <Filter>Header Files\SignPlans</Filter>
    </ClInclude>
    <ClInclude Include="SignPlans\AdvertPlans.h">
      <Filter>Header Files\SignPlans</Filter>
    </ClInclude>
    <ClInclude Include="SignPlans\Balloon2Plans.h">
      <Filter>Header Files\SignPlans</Filter>
    </ClInclude>
    <ClInclude Include="SignPlans\BalloonPlans.h">
      <Filter>Header Files\SignPlans</Filter>
    </ClInclude>
    <ClInclude Include="SignPlans\Bld0Plans.h">
      <Filter>Header Files\SignPlans</Filter>
    </ClInclude>
    <ClInclude Include="SignPlans\Build1Plans.h">
      <Filter>Header Files\SignPlans</Filter>
    </ClInclude>
    <ClInclude Include="SignPlans\Build2Plans.h">
      <Filter>Header Files\SignPlans</Filter>
    </ClInclude>
    <ClInclude Include="SignPlans\Build3Plans.h">
      <Filter>Header Files\SignPlans</Filter>
    </ClInclude>
    <ClInclude Include="SignPlans\BuildPlans.h">
      <Filter>Header Files\SignPlans</Filter>
    </ClInclude>
    <ClInclude Include="SignPlans\HeelbarPlans.h">
      <Filter>Header Files\SignPlans</Filter>
    </ClInclude>
    <ClInclude Include="SignPlans\QuadBldPlans.h">
      <Filter>Header Files\SignPlans</Filter>
    </ClInclude>
    <ClInclude Include="SignPlans\Sign01Plans.h">
      <Filter>Header Files\SignPlans</Filter>
    </ClInclude>
    <ClInclude Include="SignPlans\Sign02Plans.h">
      <Filter>Header Files\SignPlans</Filter>
    </ClInclude>
    <ClInclude Include="SignPlans\Tower2Plans.h">
      <Filter>Header Files\SignPlans</Filter>
    </ClInclude>
    <ClInclude Include="SignPlans\TowerPlans.h">
      <Filter>Header Files\SignPlans</Filter>
    </ClInclude>
    <ClInclude Include="SignPlans\TreePlans.h">
      <Filter>Header Files\SignPlans</Filter>
    </ClInclude>
    <ClInclude Include="SignType.h">
      <Filter>Header Files</Filter>
    </ClInclude>
    <ClInclude Include="Logging.h">
      <Filter>Header Files</Filter>
    </ClInclude>
    <ClInclude Include="FBXExporter.h">
      <Filter>Header Files</Filter>
    </ClInclude>
    <ClInclude Include="CarHelpers.h">
      <Filter>Header Files</Filter>
    </ClInclude>
    <ClInclude Include="DisasmHelpers.h">
      <Filter>Header Files</Filter>
    </ClInclude>
    <ClInclude Include="WhipLib.h">
      <Filter>Header Files</Filter>
    </ClInclude>
    <ClInclude Include="Component.h">
      <Filter>Header Files\Entity</Filter>
    </ClInclude>
    <ClInclude Include="NoclipComponent.h">
      <Filter>Header Files\Entity</Filter>
    </ClInclude>
    <ClInclude Include="ShapeComponent.h">
      <Filter>Header Files\Entity</Filter>
    </ClInclude>
    <ClInclude Include="TrackComponent.h">
      <Filter>Header Files\Entity</Filter>
    </ClInclude>
    <ClInclude Include="Entity.h">
      <Filter>Header Files\Entity</Filter>
    </ClInclude>
    <ClInclude Include="Clock.h">
      <Filter>Header Files\Game</Filter>
    </ClInclude>
    <ClInclude Include="GameClock.h">
      <Filter>Header Files\Game</Filter>
    </ClInclude>
    <ClInclude Include="GameInput.h">
      <Filter>Header Files\Game</Filter>
    </ClInclude>
    <ClInclude Include="Renderer.h">
      <Filter>Header Files\Rendering</Filter>
    </ClInclude>
    <ClInclude Include="KeyMapper.h">
      <Filter>Header Files\Game</Filter>
    </ClInclude>
    <ClInclude Include="Camera.h">
      <Filter>Header Files\Entity</Filter>
    </ClInclude>
    <ClInclude Include="Texture.h">
      <Filter>Header Files\Rendering</Filter>
    </ClInclude>
    <ClInclude Include="IndexBuffer.h">
      <Filter>Header Files\Rendering</Filter>
    </ClInclude>
    <ClInclude Include="Palette.h">
      <Filter>Header Files\Rendering</Filter>
    </ClInclude>
    <ClInclude Include="Scene.h">
      <Filter>Header Files\Game</Filter>
    </ClInclude>
    <ClInclude Include="Shader.h">
      <Filter>Header Files\Rendering</Filter>
    </ClInclude>
    <ClInclude Include="ShapeData.h">
      <Filter>Header Files\Rendering</Filter>
    </ClInclude>
    <ClInclude Include="ShapeFactory.h">
      <Filter>Header Files\Rendering</Filter>
    </ClInclude>
    <ClInclude Include="Vertex.h">
      <Filter>Header Files\Rendering</Filter>
    </ClInclude>
    <ClInclude Include="VertexArray.h">
      <Filter>Header Files\Rendering</Filter>
    </ClInclude>
    <ClInclude Include="VertexBuffer.h">
      <Filter>Header Files\Rendering</Filter>
    </ClInclude>
    <ClInclude Include="WinUserKeyMapper.h">
      <Filter>Header Files\Game</Filter>
    </ClInclude>
    <ClInclude Include="DriveComponent.h">
      <Filter>Header Files\Entity</Filter>
    </ClInclude>
    <ClInclude Include="MathHelpers.h">
      <Filter>Header Files</Filter>
    </ClInclude>
    <ClInclude Include="SceneManager.h">
      <Filter>Header Files\Game</Filter>
    </ClInclude>
    <ClInclude Include="PhysicsComponent.h">
      <Filter>Header Files\Entity</Filter>
    </ClInclude>
  </ItemGroup>
  <ItemGroup>
    <ClCompile Include="Unmangler.cpp">
      <Filter>Source Files</Filter>
    </ClCompile>
    <ClCompile Include="Track.cpp">
      <Filter>Source Files</Filter>
    </ClCompile>
    <ClCompile Include="Logging.cpp">
      <Filter>Source Files</Filter>
    </ClCompile>
    <ClCompile Include="FBXExporter.cpp">
      <Filter>Source Files</Filter>
    </ClCompile>
    <ClCompile Include="CarHelpers.cpp">
      <Filter>Source Files</Filter>
    </ClCompile>
    <ClCompile Include="DisasmHelpers.cpp">
      <Filter>Source Files</Filter>
    </ClCompile>
    <ClCompile Include="WhipLib.cpp">
      <Filter>Source Files</Filter>
    </ClCompile>
    <ClCompile Include="NoclipComponent.cpp">
      <Filter>Source Files\Entity</Filter>
    </ClCompile>
    <ClCompile Include="ShapeComponent.cpp">
      <Filter>Source Files\Entity</Filter>
    </ClCompile>
    <ClCompile Include="TrackComponent.cpp">
      <Filter>Source Files\Entity</Filter>
    </ClCompile>
    <ClCompile Include="Entity.cpp">
      <Filter>Source Files\Entity</Filter>
    </ClCompile>
    <ClCompile Include="Clock.cpp">
      <Filter>Source Files\Game</Filter>
    </ClCompile>
    <ClCompile Include="Camera.cpp">
      <Filter>Source Files\Entity</Filter>
    </ClCompile>
    <ClCompile Include="GameClock.cpp">
      <Filter>Source Files\Game</Filter>
    </ClCompile>
    <ClCompile Include="GameInput.cpp">
      <Filter>Source Files\Game</Filter>
    </ClCompile>
    <ClCompile Include="IndexBuffer.cpp">
      <Filter>Source Files\Rendering</Filter>
    </ClCompile>
    <ClCompile Include="Palette.cpp">
      <Filter>Source Files\Rendering</Filter>
    </ClCompile>
    <ClCompile Include="Renderer.cpp">
      <Filter>Source Files\Rendering</Filter>
    </ClCompile>
    <ClCompile Include="Scene.cpp">
      <Filter>Source Files\Game</Filter>
    </ClCompile>
    <ClCompile Include="Texture.cpp">
      <Filter>Source Files\Rendering</Filter>
    </ClCompile>
    <ClCompile Include="VertexArray.cpp">
      <Filter>Source Files\Rendering</Filter>
    </ClCompile>
    <ClCompile Include="VertexBuffer.cpp">
      <Filter>Source Files\Rendering</Filter>
    </ClCompile>
    <ClCompile Include="WinUserKeyMapper.cpp">
      <Filter>Source Files\Game</Filter>
    </ClCompile>
    <ClCompile Include="Shader.cpp">
      <Filter>Source Files\Rendering</Filter>
    </ClCompile>
    <ClCompile Include="ShapeData.cpp">
      <Filter>Source Files\Rendering</Filter>
    </ClCompile>
    <ClCompile Include="ShapeFactory.cpp">
      <Filter>Source Files\Rendering</Filter>
    </ClCompile>
    <ClCompile Include="DriveComponent.cpp">
      <Filter>Source Files\Entity</Filter>
    </ClCompile>
    <ClCompile Include="MathHelpers.cpp">
      <Filter>Source Files</Filter>
    </ClCompile>
    <ClCompile Include="SceneManager.cpp">
      <Filter>Source Files\Game</Filter>
    </ClCompile>
    <ClCompile Include="PhysicsComponent.cpp">
      <Filter>Source Files\Entity</Filter>
    </ClCompile>
  </ItemGroup>
  <ItemGroup>
    <None Include="Shaders\FragmentShaderCode.glsl">
      <Filter>Shaders</Filter>
    </None>
    <None Include="Shaders\WhiplashFragmentShader.glsl">
      <Filter>Shaders</Filter>
    </None>
    <None Include="Shaders\VertexShaderCode.glsl">
      <Filter>Shaders</Filter>
    </None>
    <None Include="Shaders\WhiplashVertexShader.glsl">
      <Filter>Shaders</Filter>
    </None>
  </ItemGroup>
</Project>