<?xml version="1.0" encoding="utf-8"?>
<Project ToolsVersion="4.0" xmlns="http://schemas.microsoft.com/developer/msbuild/2003">
  <ItemGroup>
    <Filter Include="Source Files">
      <UniqueIdentifier>{4FC737F1-C7A5-4376-A066-2A32D752A2FF}</UniqueIdentifier>
      <Extensions>cpp;c;cc;cxx;c++;cppm;ixx;def;odl;idl;hpj;bat;asm;asmx</Extensions>
    </Filter>
    <Filter Include="Header Files">
      <UniqueIdentifier>{93995380-89BD-4b04-88EB-625FBE52EBFB}</UniqueIdentifier>
      <Extensions>h;hh;hpp;hxx;h++;hm;inl;inc;ipp;xsd</Extensions>
    </Filter>
    <Filter Include="Shaders">
      <UniqueIdentifier>{a17399c9-fc31-4729-87e5-af9c62cb7e33}</UniqueIdentifier>
    </Filter>
    <Filter Include="Header Files\CarPlans">
      <UniqueIdentifier>{62c23e94-bf3c-4258-9272-d2fb7a180ed3}</UniqueIdentifier>
    </Filter>
    <Filter Include="Header Files\SignPlans">
      <UniqueIdentifier>{8011ca94-9194-4b24-a3cc-78f3d3f52777}</UniqueIdentifier>
    </Filter>
  </ItemGroup>
  <ItemGroup>
    <ClInclude Include="Unmangler.h">
      <Filter>Header Files</Filter>
    </ClInclude>
    <ClInclude Include="VertexBuffer.h">
      <Filter>Header Files</Filter>
    </ClInclude>
    <ClInclude Include="Vertex.h">
      <Filter>Header Files</Filter>
    </ClInclude>
    <ClInclude Include="Types.h">
      <Filter>Header Files</Filter>
    </ClInclude>
    <ClInclude Include="IndexBuffer.h">
      <Filter>Header Files</Filter>
    </ClInclude>
    <ClInclude Include="Camera.h">
      <Filter>Header Files</Filter>
    </ClInclude>
    <ClInclude Include="ShapeData.h">
      <Filter>Header Files</Filter>
    </ClInclude>
    <ClInclude Include="Shader.h">
      <Filter>Header Files</Filter>
    </ClInclude>
    <ClInclude Include="VertexArray.h">
      <Filter>Header Files</Filter>
    </ClInclude>
    <ClInclude Include="OpenGLDebug.h">
      <Filter>Header Files</Filter>
    </ClInclude>
    <ClInclude Include="TrackData.h">
      <Filter>Header Files</Filter>
    </ClInclude>
    <ClInclude Include="Palette.h">
      <Filter>Header Files</Filter>
    </ClInclude>
    <ClInclude Include="Texture.h">
      <Filter>Header Files</Filter>
    </ClInclude>
    <ClInclude Include="WhipModel.h">
      <Filter>Header Files</Filter>
    </ClInclude>
    <ClInclude Include="Animation.h">
      <Filter>Header Files</Filter>
    </ClInclude>
    <ClInclude Include="Polygon.h">
      <Filter>Header Files</Filter>
    </ClInclude>
    <ClInclude Include="CarPlans\AutoPlans.h">
      <Filter>Header Files\CarPlans</Filter>
    </ClInclude>
    <ClInclude Include="CarPlans\DesilvaPlans.h">
      <Filter>Header Files\CarPlans</Filter>
    </ClInclude>
    <ClInclude Include="CarPlans\F1WackPlans.h">
      <Filter>Header Files\CarPlans</Filter>
    </ClInclude>
    <ClInclude Include="CarPlans\GlobalPlans.h">
      <Filter>Header Files\CarPlans</Filter>
    </ClInclude>
    <ClInclude Include="CarPlans\MillionPlans.h">
      <Filter>Header Files\CarPlans</Filter>
    </ClInclude>
    <ClInclude Include="CarPlans\MissionPlans.h">
      <Filter>Header Files\CarPlans</Filter>
    </ClInclude>
    <ClInclude Include="CarPlans\PulsePlans.h">
      <Filter>Header Files\CarPlans</Filter>
    </ClInclude>
    <ClInclude Include="CarPlans\ReisePlans.h">
      <Filter>Header Files\CarPlans</Filter>
    </ClInclude>
    <ClInclude Include="CarPlans\ZizinPlans.h">
      <Filter>Header Files\CarPlans</Filter>
    </ClInclude>
    <ClInclude Include="SignPlans\Advert2Plans.h">
      <Filter>Header Files\SignPlans</Filter>
    </ClInclude>
    <ClInclude Include="SignPlans\Advert3Plans.h">
      <Filter>Header Files\SignPlans</Filter>
    </ClInclude>
    <ClInclude Include="SignPlans\AdvertPlans.h">
      <Filter>Header Files\SignPlans</Filter>
    </ClInclude>
    <ClInclude Include="SignPlans\Balloon2Plans.h">
      <Filter>Header Files\SignPlans</Filter>
    </ClInclude>
    <ClInclude Include="SignPlans\BalloonPlans.h">
      <Filter>Header Files\SignPlans</Filter>
    </ClInclude>
    <ClInclude Include="SignPlans\Bld0Plans.h">
      <Filter>Header Files\SignPlans</Filter>
    </ClInclude>
    <ClInclude Include="SignPlans\Build1Plans.h">
      <Filter>Header Files\SignPlans</Filter>
    </ClInclude>
    <ClInclude Include="SignPlans\Build2Plans.h">
      <Filter>Header Files\SignPlans</Filter>
    </ClInclude>
    <ClInclude Include="SignPlans\Build3Plans.h">
      <Filter>Header Files\SignPlans</Filter>
    </ClInclude>
    <ClInclude Include="SignPlans\BuildPlans.h">
      <Filter>Header Files\SignPlans</Filter>
    </ClInclude>
    <ClInclude Include="SignPlans\HeelbarPlans.h">
      <Filter>Header Files\SignPlans</Filter>
    </ClInclude>
    <ClInclude Include="SignPlans\QuadBldPlans.h">
      <Filter>Header Files\SignPlans</Filter>
    </ClInclude>
    <ClInclude Include="SignPlans\Sign01Plans.h">
      <Filter>Header Files\SignPlans</Filter>
    </ClInclude>
    <ClInclude Include="SignPlans\Sign02Plans.h">
      <Filter>Header Files\SignPlans</Filter>
    </ClInclude>
    <ClInclude Include="SignPlans\Tower2Plans.h">
      <Filter>Header Files\SignPlans</Filter>
    </ClInclude>
    <ClInclude Include="SignPlans\TowerPlans.h">
      <Filter>Header Files\SignPlans</Filter>
    </ClInclude>
    <ClInclude Include="SignPlans\TreePlans.h">
      <Filter>Header Files\SignPlans</Filter>
    </ClInclude>
  </ItemGroup>
  <ItemGroup>
    <ClCompile Include="Unmangler.cpp">
      <Filter>Source Files</Filter>
    </ClCompile>
    <ClCompile Include="VertexBuffer.cpp">
      <Filter>Source Files</Filter>
    </ClCompile>
    <ClCompile Include="IndexBuffer.cpp">
      <Filter>Source Files</Filter>
    </ClCompile>
    <ClCompile Include="Camera.cpp">
      <Filter>Source Files</Filter>
    </ClCompile>
    <ClCompile Include="Shader.cpp">
      <Filter>Source Files</Filter>
    </ClCompile>
    <ClCompile Include="VertexArray.cpp">
      <Filter>Source Files</Filter>
    </ClCompile>
    <ClCompile Include="TrackData.cpp">
      <Filter>Source Files</Filter>
    </ClCompile>
    <ClCompile Include="ShapeData.cpp">
      <Filter>Source Files</Filter>
    </ClCompile>
    <ClCompile Include="Palette.cpp">
      <Filter>Source Files</Filter>
    </ClCompile>
    <ClCompile Include="Texture.cpp">
      <Filter>Source Files</Filter>
    </ClCompile>
    <ClCompile Include="WhipModel.cpp">
      <Filter>Source Files</Filter>
    </ClCompile>
  </ItemGroup>
  <ItemGroup>
    <None Include="Shaders\FragmentShaderCode.glsl">
      <Filter>Shaders</Filter>
    </None>
    <None Include="Shaders\WhiplashFragmentShader.glsl">
      <Filter>Shaders</Filter>
    </None>
    <None Include="Shaders\VertexShaderCode.glsl">
      <Filter>Shaders</Filter>
    </None>
    <None Include="Shaders\WhiplashVertexShader.glsl">
      <Filter>Shaders</Filter>
    </None>
  </ItemGroup>
</Project>