<?xml version="1.0" encoding="utf-8"?>
<Project ToolsVersion="4.0" xmlns="http://schemas.microsoft.com/developer/msbuild/2003">
  <ItemGroup>
    <ClCompile Include="TrackEditor.cpp">
      <Filter>Source</Filter>
    </ClCompile>
    <ClCompile Include="Track.cpp">
      <Filter>Source</Filter>
    </ClCompile>
    <ClCompile Include="LogDialog.cpp">
      <Filter>Source</Filter>
    </ClCompile>
    <ClCompile Include="MainWindow.cpp">
      <Filter>Source</Filter>
    </ClCompile>
    <ClCompile Include="moc\moc_MainWindow.cpp">
      <Filter>Qt Generated Files\Moc Source Files</Filter>
    </ClCompile>
    <ClCompile Include="moc\moc_LogDialog.cpp">
      <Filter>Qt Generated Files\Moc Source Files</Filter>
    </ClCompile>
    <ClCompile Include="resource.cpp">
      <Filter>Qt Generated Files</Filter>
    </ClCompile>
    <ClCompile Include="TilePicker.cpp">
      <Filter>Source</Filter>
    </ClCompile>
    <ClCompile Include="moc\moc_TilePicker.cpp">
      <Filter>Qt Generated Files\Moc Source Files</Filter>
    </ClCompile>
    <ClCompile Include="EditSurfaceDialog.cpp">
      <Filter>Source</Filter>
    </ClCompile>
    <ClCompile Include="moc\moc_EditSurfaceDialog.cpp">
      <Filter>Qt Generated Files\Moc Source Files</Filter>
    </ClCompile>
    <ClCompile Include="TrackPreview.cpp">
      <Filter>Source</Filter>
    </ClCompile>
    <ClCompile Include="moc\moc_TrackPreview.cpp">
      <Filter>Qt Generated Files\Moc Source Files</Filter>
    </ClCompile>
    <ClCompile Include="EditSeriesDialog.cpp">
      <Filter>Source</Filter>
    </ClCompile>
    <ClCompile Include="moc\moc_EditSeriesDialog.cpp">
      <Filter>Qt Generated Files\Moc Source Files</Filter>
    </ClCompile>
    <ClCompile Include="DebugSlider.cpp">
      <Filter>Source</Filter>
    </ClCompile>
    <ClCompile Include="moc\moc_DebugSlider.cpp">
      <Filter>Qt Generated Files\Moc Source Files</Filter>
    </ClCompile>
    <ClCompile Include="DebugChunkData.cpp">
      <Filter>Source</Filter>
    </ClCompile>
    <ClCompile Include="GlobalTrackSettings.cpp">
      <Filter>Source</Filter>
    </ClCompile>
    <ClCompile Include="moc\moc_GlobalTrackSettings.cpp">
      <Filter>Qt Generated Files\Moc Source Files</Filter>
    </ClCompile>
    <ClCompile Include="QtHelpers.cpp">
      <Filter>Source</Filter>
    </ClCompile>
    <ClCompile Include="DisplaySettings.cpp">
      <Filter>Source</Filter>
    </ClCompile>
    <ClCompile Include="moc\moc_DisplaySettings.cpp">
      <Filter>Qt Generated Files\Moc Source Files</Filter>
    </ClCompile>
    <ClCompile Include="EditGeometryWidget.cpp">
      <Filter>Source</Filter>
    </ClCompile>
    <ClCompile Include="moc\moc_EditGeometryWidget.cpp">
      <Filter>Qt Generated Files\Moc Source Files</Filter>
    </ClCompile>
    <ClCompile Include="EditSignWidget.cpp">
      <Filter>Source</Filter>
    </ClCompile>
    <ClCompile Include="moc\moc_EditSignWidget.cpp">
      <Filter>Qt Generated Files\Moc Source Files</Filter>
    </ClCompile>
    <ClCompile Include="EditAudioWidget.cpp">
      <Filter>Source</Filter>
    </ClCompile>
    <ClCompile Include="moc\moc_EditAudioWidget.cpp">
      <Filter>Qt Generated Files\Moc Source Files</Filter>
    </ClCompile>
    <ClCompile Include="EditStuntWidget.cpp">
      <Filter>Source</Filter>
    </ClCompile>
    <ClCompile Include="moc\moc_EditStuntWidget.cpp">
      <Filter>Qt Generated Files\Moc Source Files</Filter>
    </ClCompile>
    <ClCompile Include="NewTrackDialog.cpp">
      <Filter>Source</Filter>
    </ClCompile>
    <ClCompile Include="moc\moc_NewTrackDialog.cpp">
      <Filter>Qt Generated Files\Moc Source Files</Filter>
    </ClCompile>
    <ClCompile Include="PreferencesDialog.cpp">
      <Filter>Source</Filter>
    </ClCompile>
    <ClCompile Include="moc\moc_PreferencesDialog.cpp">
      <Filter>Qt Generated Files\Moc Source Files</Filter>
    </ClCompile>
    <ClCompile Include="AssignBacksDialog.cpp">
      <Filter>Source</Filter>
    </ClCompile>
    <ClCompile Include="BackWidget.cpp">
      <Filter>Source</Filter>
    </ClCompile>
    <ClCompile Include="moc\moc_AssignBacksDialog.cpp">
      <Filter>Qt Generated Files\Moc Source Files</Filter>
    </ClCompile>
    <ClCompile Include="moc\moc_BackWidget.cpp">
      <Filter>Qt Generated Files\Moc Source Files</Filter>
    </ClCompile>
    <ClCompile Include="moc\moc_DebugChunkData.cpp">
      <Filter>Qt Generated Files\Moc Source Files</Filter>
    </ClCompile>
  </ItemGroup>
  <ItemGroup>
    <ClInclude Include="Track.h">
      <Filter>Headers</Filter>
    </ClInclude>
    <ClInclude Include="TrackEditor.h">
      <Filter>Headers</Filter>
    </ClInclude>
    <ClInclude Include="resource.h">
      <Filter>Resources</Filter>
    </ClInclude>
    <ClInclude Include="ui\ui_LogDialog.h">
      <Filter>Qt Generated Files\Ui Header Files</Filter>
    </ClInclude>
    <ClInclude Include="ui\ui_MainWindow.h">
      <Filter>Qt Generated Files\Ui Header Files</Filter>
    </ClInclude>
    <ClInclude Include="ui\ui_TilePicker.h">
      <Filter>Qt Generated Files\Ui Header Files</Filter>
    </ClInclude>
    <ClInclude Include="ui\ui_EditSurfaceDialog.h">
      <Filter>Qt Generated Files\Ui Header Files</Filter>
    </ClInclude>
    <ClInclude Include="ui\ui_EditSeriesDialog.h">
      <Filter>Qt Generated Files\Ui Header Files</Filter>
    </ClInclude>
    <ClInclude Include="ui\ui_GlobalTrackSettings.h">
      <Filter>Qt Generated Files\Ui Header Files</Filter>
    </ClInclude>
    <ClInclude Include="QtHelpers.h">
      <Filter>Headers</Filter>
    </ClInclude>
    <ClInclude Include="ui\ui_DisplaySettings.h">
      <Filter>Qt Generated Files\Ui Header Files</Filter>
    </ClInclude>
    <ClInclude Include="ui\ui_EditGeometryWidget.h">
      <Filter>Qt Generated Files\Ui Header Files</Filter>
    </ClInclude>
    <ClInclude Include="ui\ui_EditSignWidget.h">
      <Filter>Qt Generated Files\Ui Header Files</Filter>
    </ClInclude>
    <ClInclude Include="ui\ui_EditAudioWidget.h">
      <Filter>Qt Generated Files\Ui Header Files</Filter>
    </ClInclude>
    <ClInclude Include="ui\ui_EditStuntWidget.h">
      <Filter>Qt Generated Files\Ui Header Files</Filter>
    </ClInclude>
    <ClInclude Include="ui\ui_NewTrackDialog.h">
      <Filter>Qt Generated Files\Ui Header Files</Filter>
    </ClInclude>
    <ClInclude Include="ui\ui_PreferencesDialog.h">
      <Filter>Qt Generated Files\Ui Header Files</Filter>
    </ClInclude>
    <ClInclude Include="ui\ui_AssignBacksDialog.h">
      <Filter>Qt Generated Files\Ui Header Files</Filter>
    </ClInclude>
    <ClInclude Include="ui\ui_BackWidget.h">
      <Filter>Qt Generated Files\Ui Header Files</Filter>
    </ClInclude>
    <ClInclude Include="ui\ui_DebugChunkData.h">
      <Filter>Qt Generated Files\Ui Header Files</Filter>
    </ClInclude>
  </ItemGroup>
  <ItemGroup>
    <CustomBuild Include="LogDialog.h">
      <Filter>Headers</Filter>
    </CustomBuild>
    <CustomBuild Include="MainWindow.h">
      <Filter>Headers</Filter>
    </CustomBuild>
    <CustomBuild Include="MainWindow.ui">
      <Filter>Resources</Filter>
    </CustomBuild>
    <CustomBuild Include="LogDialog.ui">
      <Filter>Resources</Filter>
    </CustomBuild>
    <CustomBuild Include="resource.qrc">
      <Filter>Resources</Filter>
    </CustomBuild>
    <CustomBuild Include="TilePicker.ui">
      <Filter>Resources</Filter>
    </CustomBuild>
    <CustomBuild Include="TilePicker.h">
      <Filter>Headers</Filter>
    </CustomBuild>
    <CustomBuild Include="EditSurfaceDialog.h">
      <Filter>Headers</Filter>
    </CustomBuild>
    <CustomBuild Include="EditSurfaceDialog.ui">
      <Filter>Resources</Filter>
    </CustomBuild>
    <CustomBuild Include="TrackPreview.h">
      <Filter>Headers</Filter>
    </CustomBuild>
    <CustomBuild Include="EditSeriesDialog.ui">
      <Filter>Resources</Filter>
    </CustomBuild>
    <CustomBuild Include="EditSeriesDialog.h">
      <Filter>Headers</Filter>
    </CustomBuild>
    <CustomBuild Include="DebugSlider.h">
      <Filter>Headers</Filter>
    </CustomBuild>
    <CustomBuild Include="DebugChunkData.ui">
      <Filter>Resources</Filter>
    </CustomBuild>
    <CustomBuild Include="DebugChunkData.h">
      <Filter>Headers</Filter>
    </CustomBuild>
    <CustomBuild Include="GlobalTrackSettings.ui">
      <Filter>Resources</Filter>
    </CustomBuild>
    <CustomBuild Include="GlobalTrackSettings.h">
      <Filter>Headers</Filter>
    </CustomBuild>
    <CustomBuild Include="DisplaySettings.ui">
      <Filter>Resources</Filter>
    </CustomBuild>
    <CustomBuild Include="DisplaySettings.h">
      <Filter>Headers</Filter>
    </CustomBuild>
    <CustomBuild Include="EditGeometryWidget.ui">
      <Filter>Resources</Filter>
    </CustomBuild>
    <CustomBuild Include="EditGeometryWidget.h">
      <Filter>Headers</Filter>
    </CustomBuild>
    <CustomBuild Include="EditSignWidget.ui">
      <Filter>Resources</Filter>
    </CustomBuild>
    <CustomBuild Include="EditSignWidget.h">
      <Filter>Headers</Filter>
    </CustomBuild>
    <CustomBuild Include="EditAudioWidget.ui">
      <Filter>Resources</Filter>
    </CustomBuild>
    <CustomBuild Include="EditAudioWidget.h">
      <Filter>Headers</Filter>
    </CustomBuild>
    <CustomBuild Include="EditStuntWidget.ui">
      <Filter>Resources</Filter>
    </CustomBuild>
    <CustomBuild Include="EditStuntWidget.h">
      <Filter>Headers</Filter>
    </CustomBuild>
    <CustomBuild Include="NewTrackDialog.h">
      <Filter>Headers</Filter>
    </CustomBuild>
    <CustomBuild Include="NewTrackDialog.ui">
      <Filter>Resources</Filter>
    </CustomBuild>
    <CustomBuild Include="PreferencesDialog.ui">
      <Filter>Resources</Filter>
    </CustomBuild>
    <CustomBuild Include="PreferencesDialog.h">
      <Filter>Headers</Filter>
    </CustomBuild>
    <CustomBuild Include="BackWidget.h">
      <Filter>Headers</Filter>
    </CustomBuild>
    <CustomBuild Include="AssignBacksDialog.h">
      <Filter>Headers</Filter>
    </CustomBuild>
    <CustomBuild Include="BackWidget.ui">
      <Filter>Resources</Filter>
    </CustomBuild>
    <CustomBuild Include="AssignBacksDialog.ui">
      <Filter>Resources</Filter>
    </CustomBuild>
  </ItemGroup>
  <ItemGroup>
    <Filter Include="Headers">
      <UniqueIdentifier>{b043e814-9fc2-47a3-81c4-5833fb1b46c4}</UniqueIdentifier>
    </Filter>
    <Filter Include="Source">
      <UniqueIdentifier>{b166bc93-943e-4574-940b-21e993f8df1b}</UniqueIdentifier>
    </Filter>
    <Filter Include="Resources">
      <UniqueIdentifier>{e49d801a-ca5f-4db3-9608-528c5dc43b57}</UniqueIdentifier>
    </Filter>
    <Filter Include="Qt Generated Files">
      <UniqueIdentifier>{89944c0d-12d1-4842-8cfb-f7d6f3386786}</UniqueIdentifier>
    </Filter>
    <Filter Include="Qt Generated Files\Moc Source Files">
      <UniqueIdentifier>{f1b327d6-4201-422b-902a-c82864979390}</UniqueIdentifier>
    </Filter>
    <Filter Include="Qt Generated Files\Ui Header Files">
      <UniqueIdentifier>{4be68ce6-135e-43f6-a554-a92c9e7fe9b5}</UniqueIdentifier>
    </Filter>
  </ItemGroup>
  <ItemGroup>
    <Image Include="images\stunt.ico">
      <Filter>Resources</Filter>
    </Image>
  </ItemGroup>
  <ItemGroup>
    <ResourceCompile Include="TrackEditor.rc">
      <Filter>Resources</Filter>
    </ResourceCompile>
  </ItemGroup>
</Project>